
Microsoft Visual Studio Solution File, Format Version 12.00
# Visual Studio Version 16
VisualStudioVersion = 16.0.30611.23
MinimumVisualStudioVersion = 10.0.40219.1
Project("{FAE04EC0-301F-11D3-BF4B-00C04F79EFBC}") = "CabInvoiceGenerator", "CabInvoiceGenerator.csproj", "{24E19005-110F-4CE5-8C9F-13DC891DF835}"
EndProject
Project("{FAE04EC0-301F-11D3-BF4B-00C04F79EFBC}") = "CabInvoiceGeneratorTest", "..\CabInvoiceGeneratorTest\CabInvoiceGeneratorTest.csproj", "{162494B0-BF1B-441E-B6AA-478750790479}"
EndProject
Global
	GlobalSection(SolutionConfigurationPlatforms) = preSolution
		Debug|Any CPU = Debug|Any CPU
		Release|Any CPU = Release|Any CPU
	EndGlobalSection
	GlobalSection(ProjectConfigurationPlatforms) = postSolution
		{24E19005-110F-4CE5-8C9F-13DC891DF835}.Debug|Any CPU.ActiveCfg = Debug|Any CPU
		{24E19005-110F-4CE5-8C9F-13DC891DF835}.Debug|Any CPU.Build.0 = Debug|Any CPU
		{24E19005-110F-4CE5-8C9F-13DC891DF835}.Release|Any CPU.ActiveCfg = Release|Any CPU
		{24E19005-110F-4CE5-8C9F-13DC891DF835}.Release|Any CPU.Build.0 = Release|Any CPU
		{162494B0-BF1B-441E-B6AA-478750790479}.Debug|Any CPU.ActiveCfg = Debug|Any CPU
		{162494B0-BF1B-441E-B6AA-478750790479}.Debug|Any CPU.Build.0 = Debug|Any CPU
		{162494B0-BF1B-441E-B6AA-478750790479}.Release|Any CPU.ActiveCfg = Release|Any CPU
		{162494B0-BF1B-441E-B6AA-478750790479}.Release|Any CPU.Build.0 = Release|Any CPU
	EndGlobalSection
	GlobalSection(SolutionProperties) = preSolution
		HideSolutionNode = FALSE
	EndGlobalSection
	GlobalSection(ExtensibilityGlobals) = postSolution
		SolutionGuid = {8C1C7D14-1EEE-488A-83EC-B9DD6F09D0FA}
	EndGlobalSection
EndGlobal
